
Microsoft Visual Studio Solution File, Format Version 12.00
# Visual Studio Version 16
VisualStudioVersion = 16.0.29519.181
MinimumVisualStudioVersion = 10.0.40219.1
Project("{FAE04EC0-301F-11D3-BF4B-00C04F79EFBC}") = "ConsoleApp13", "ConsoleApp13.csproj", "{2EB8A912-EA4A-4134-A928-00F54808A142}"
EndProject
Global
	GlobalSection(SolutionConfigurationPlatforms) = preSolution
		Debug|Any CPU = Debug|Any CPU
		Release|Any CPU = Release|Any CPU
	EndGlobalSection
	GlobalSection(ProjectConfigurationPlatforms) = postSolution
		{2EB8A912-EA4A-4134-A928-00F54808A142}.Debug|Any CPU.ActiveCfg = Debug|Any CPU
		{2EB8A912-EA4A-4134-A928-00F54808A142}.Debug|Any CPU.Build.0 = Debug|Any CPU
		{2EB8A912-EA4A-4134-A928-00F54808A142}.Release|Any CPU.ActiveCfg = Release|Any CPU
		{2EB8A912-EA4A-4134-A928-00F54808A142}.Release|Any CPU.Build.0 = Release|Any CPU
	EndGlobalSection
	GlobalSection(SolutionProperties) = preSolution
		HideSolutionNode = FALSE
	EndGlobalSection
	GlobalSection(ExtensibilityGlobals) = postSolution
		SolutionGuid = {EB6C6825-EA18-4EDD-B51E-D3200774935A}
	EndGlobalSection
EndGlobal
