
Microsoft Visual Studio Solution File, Format Version 12.00
# Visual Studio Version 16
VisualStudioVersion = 16.0.29519.181
MinimumVisualStudioVersion = 10.0.40219.1
Project("{FAE04EC0-301F-11D3-BF4B-00C04F79EFBC}") = "ConsoleApp17", "ConsoleApp17.csproj", "{ED3EFB9D-612B-41B1-9193-AC2FD57C3A85}"
EndProject
Global
	GlobalSection(SolutionConfigurationPlatforms) = preSolution
		Debug|Any CPU = Debug|Any CPU
		Release|Any CPU = Release|Any CPU
	EndGlobalSection
	GlobalSection(ProjectConfigurationPlatforms) = postSolution
		{ED3EFB9D-612B-41B1-9193-AC2FD57C3A85}.Debug|Any CPU.ActiveCfg = Debug|Any CPU
		{ED3EFB9D-612B-41B1-9193-AC2FD57C3A85}.Debug|Any CPU.Build.0 = Debug|Any CPU
		{ED3EFB9D-612B-41B1-9193-AC2FD57C3A85}.Release|Any CPU.ActiveCfg = Release|Any CPU
		{ED3EFB9D-612B-41B1-9193-AC2FD57C3A85}.Release|Any CPU.Build.0 = Release|Any CPU
	EndGlobalSection
	GlobalSection(SolutionProperties) = preSolution
		HideSolutionNode = FALSE
	EndGlobalSection
	GlobalSection(ExtensibilityGlobals) = postSolution
		SolutionGuid = {CB8D5AE6-24BD-43DE-9E48-D634BDD80123}
	EndGlobalSection
EndGlobal
